{
    "_readme": [
        "This file locks the dependencies of your project to a known state",
        "Read more about it at https://getcomposer.org/doc/01-basic-usage.md#installing-dependencies",
        "This file is @generated automatically"
    ],
    "content-hash": "ace081fda48469595f569dcf2c4316e3",
    "packages": [
        {
            "name": "magic3w/figure-sdk-php",
            "version": "dev-master",
            "source": {
                "type": "git",
                "url": "https://phabricator.magic3w.com/source/figure-sdk-php.git",
                "reference": "e85eeccdf4f892305012ac971c342ae0690cb931"
            },
            "require": {
                "magic3w/phpauth-sdk-php": "^0.1.1",
                "spitfire/collection": "^0.1.0",
                "spitfire/request": "dev-master"
            },
            "default-branch": true,
            "type": "library",
            "autoload": {
                "psr-4": {
                    "figure\\sdk\\": "./src"
                }
            },
            "notification-url": "https://packagist.org/downloads/",
            "license": [
                "MIT"
            ],
            "authors": [
                {
                    "name": "César de la Cal Bretschneider",
                    "email": "cesar@magic3w.com"
                }
            ],
            "description": "SDK for interacting with figure",
            "time": "2021-02-02T14:25:05+00:00"
        },
        {
            "name": "magic3w/permission-php-sdk",
            "version": "dev-master",
            "source": {
                "type": "git",
                "url": "https://phabricator.magic3w.com/source/permission-PHP-SDK.git",
                "reference": "872b399182d83caafdc7c142ac089551356974e1"
            },
            "type": "library",
            "autoload": {
                "psr-4": {
                    "magic3w\\permission\\sdk\\": "/src/"
                }
            },
            "notification-url": "https://packagist.org/downloads/",
            "license": [
                "MIT"
            ],
            "authors": [
                {
                    "name": "César de la Cal Bretschneider",
                    "email": "cesar@magic3w.com"
                }
            ],
            "description": "Allows your application to communicate with a permission server through a simple API",
            "time": "2020-08-26T15:10:23+00:00"
        },
        {
            "name": "magic3w/phpauth-sdk-php",
            "version": "v0.1.1",
            "source": {
                "type": "git",
                "url": "https://phabricator.magic3w.com/source/phpas-sdk-php.git",
                "reference": "9841296f9cdcd91071d7e929f58ecb4ed154b696"
            },
            "require": {
                "magic3w/url-reflection": "dev-master",
                "spitfire/request": "dev-master"
            },
            "type": "library",
            "autoload": {
                "psr-4": {
                    "magic3w\\phpauth\\sdk\\": "./src/"
                }
            },
            "notification-url": "https://packagist.org/downloads/",
            "license": [
                "MIT"
            ],
            "authors": [
                {
                    "name": "César de la Cal Bretschneider",
                    "email": "cesar@magic3w.com"
                }
            ],
            "description": "PHP SDK for PHPAuthServer (magic3w/phpauth)",
            "time": "2020-12-18T16:45:12+00:00"
        },
        {
            "name": "magic3w/url-reflection",
            "version": "dev-master",
            "source": {
                "type": "git",
                "url": "https://phabricator.magic3w.com/source/url-reflection.git",
                "reference": "341d1ede12d28159101b77c8ae12b544dba15a8c"
            },
            "require-dev": {
                "phpunit/phpunit": "^9.3"
            },
            "default-branch": true,
            "type": "library",
            "autoload": {
                "psr-4": {
                    "magic3w\\http\\url\\reflection\\": "src/"
                }
            },
            "notification-url": "https://packagist.org/downloads/",
            "license": [
                "MIT"
            ],
            "authors": [
                {
                    "name": "César de la Cal Bretschneider",
                    "email": "cesar@magic3w.com"
                }
            ],
            "description": "Allows applications to have a URL parsed and retrieve information about it's components",
            "time": "2021-02-11T13:17:34+00:00"
        },
        {
            "name": "spitfire/collection",
            "version": "0.1.0",
            "source": {
                "type": "git",
                "url": "https://phabricator.magic3w.com/source/spitfire-collection.git",
                "reference": "91331bd1f15d9c15d363734bd477c7bd363291a5"
            },
            "require-dev": {
                "phpunit/phpunit": "^9.4"
            },
            "type": "library",
            "autoload": {
                "psr-4": {
                    "spitfire\\collection\\": "./src/"
                }
            },
            "notification-url": "https://packagist.org/downloads/",
            "license": [
                "MIT"
            ],
            "authors": [
                {
                    "name": "César de la Cal Bretschneider",
                    "email": "cesar@magic3w.com"
                }
            ],
            "description": "Provides collections for spitfire/engine",
            "time": "2020-10-19T09:26:22+00:00"
        },
        {
            "name": "spitfire/request",
            "version": "dev-master",
            "source": {
                "type": "git",
                "url": "https://phabricator.magic3w.com/source/spitfire-request.git",
                "reference": "0e8166d802e0e71dd12365bca0215043c9df37d2"
            },
            "require": {
                "magic3w/url-reflection": "dev-master"
            },
            "require-dev": {
                "phpunit/phpunit": "^9.4"
            },
            "default-branch": true,
            "type": "library",
            "autoload": {
                "psr-4": {
                    "spitfire\\io\\request\\": "./src/"
                }
            },
            "notification-url": "https://packagist.org/downloads/",
            "license": [
                "MIT"
            ],
            "authors": [
                {
                    "name": "César de la Cal Bretschneider",
                    "email": "cesar@magic3w.com"
                }
            ],
            "description": "Spitfire request mechanism",
            "time": "2021-01-21T07:59:55+00:00"
        }
    ],
    "packages-dev": [],
    "aliases": [],
    "minimum-stability": "dev",
    "stability-flags": {
        "magic3w/permission-php-sdk": 20,
        "magic3w/figure-sdk-php": 20
    },
    "prefer-stable": true,
    "prefer-lowest": false,
    "platform": [],
    "platform-dev": [],
    "plugin-api-version": "2.0.0"
}
